
Microsoft Visual Studio Solution File, Format Version 12.00
# Visual Studio Version 17
VisualStudioVersion = 17.10.34928.147
MinimumVisualStudioVersion = 10.0.40219.1
Project("{9A19103F-16F7-4668-BE54-9A1E7A4F7556}") = "OOP.Learning", "OOP.Learning\OOP.Learning.csproj", "{90B1C116-3CF7-4C2F-9F1F-2FBD3DCB4201}"
EndProject
Project("{2150E333-8FDC-42A3-9474-1A3956D46DE8}") = "Session_1", "Session_1", "{E5466706-44FA-47D5-8192-0C33D3EFFED4}"
EndProject
Project("{9A19103F-16F7-4668-BE54-9A1E7A4F7556}") = "OOP.Learning.Test", "..\test\OOP.Learning.Test\OOP.Learning.Test.csproj", "{DEE0104D-CB52-45FB-ACAD-30C2687D6CFA}"
EndProject
Global
	GlobalSection(SolutionConfigurationPlatforms) = preSolution
		Debug|Any CPU = Debug|Any CPU
		Release|Any CPU = Release|Any CPU
	EndGlobalSection
	GlobalSection(ProjectConfigurationPlatforms) = postSolution
		{90B1C116-3CF7-4C2F-9F1F-2FBD3DCB4201}.Debug|Any CPU.ActiveCfg = Debug|Any CPU
		{90B1C116-3CF7-4C2F-9F1F-2FBD3DCB4201}.Debug|Any CPU.Build.0 = Debug|Any CPU
		{90B1C116-3CF7-4C2F-9F1F-2FBD3DCB4201}.Release|Any CPU.ActiveCfg = Release|Any CPU
		{90B1C116-3CF7-4C2F-9F1F-2FBD3DCB4201}.Release|Any CPU.Build.0 = Release|Any CPU
		{DEE0104D-CB52-45FB-ACAD-30C2687D6CFA}.Debug|Any CPU.ActiveCfg = Debug|Any CPU
		{DEE0104D-CB52-45FB-ACAD-30C2687D6CFA}.Debug|Any CPU.Build.0 = Debug|Any CPU
		{DEE0104D-CB52-45FB-ACAD-30C2687D6CFA}.Release|Any CPU.ActiveCfg = Release|Any CPU
		{DEE0104D-CB52-45FB-ACAD-30C2687D6CFA}.Release|Any CPU.Build.0 = Release|Any CPU
	EndGlobalSection
	GlobalSection(SolutionProperties) = preSolution
		HideSolutionNode = FALSE
	EndGlobalSection
	GlobalSection(NestedProjects) = preSolution
		{90B1C116-3CF7-4C2F-9F1F-2FBD3DCB4201} = {E5466706-44FA-47D5-8192-0C33D3EFFED4}
		{DEE0104D-CB52-45FB-ACAD-30C2687D6CFA} = {E5466706-44FA-47D5-8192-0C33D3EFFED4}
	EndGlobalSection
	GlobalSection(ExtensibilityGlobals) = postSolution
		SolutionGuid = {E72F1C28-7378-4BF2-ADB9-3BD97AAD46E1}
	EndGlobalSection
EndGlobal
